// !$*UTF8*$!
{
	archiveVersion = 1;
	classes = {
	};
	objectVersion = 55;
	objects = {

/* Begin PBXBuildFile section */
		B3BB197D2780AC61007F92C4 /* AppDelegate.swift in Sources */ = {isa = PBXBuildFile; fileRef = B3BB197C2780AC61007F92C4 /* AppDelegate.swift */; };
		B3BB197F2780AC61007F92C4 /* SceneDelegate.swift in Sources */ = {isa = PBXBuildFile; fileRef = B3BB197E2780AC61007F92C4 /* SceneDelegate.swift */; };
		B3BB19812780AC61007F92C4 /* ViewController.swift in Sources */ = {isa = PBXBuildFile; fileRef = B3BB19802780AC61007F92C4 /* ViewController.swift */; };
		B3BB19842780AC61007F92C4 /* Main.storyboard in Resources */ = {isa = PBXBuildFile; fileRef = B3BB19822780AC61007F92C4 /* Main.storyboard */; };
		B3BB19862780AC62007F92C4 /* Assets.xcassets in Resources */ = {isa = PBXBuildFile; fileRef = B3BB19852780AC62007F92C4 /* Assets.xcassets */; };
		B3BB19892780AC62007F92C4 /* LaunchScreen.storyboard in Resources */ = {isa = PBXBuildFile; fileRef = B3BB19872780AC62007F92C4 /* LaunchScreen.storyboard */; };
		B3BB19942780AC62007F92C4 /* InstaCloneTests.swift in Sources */ = {isa = PBXBuildFile; fileRef = B3BB19932780AC62007F92C4 /* InstaCloneTests.swift */; };
		B3BB199E2780AC62007F92C4 /* InstaCloneUITests.swift in Sources */ = {isa = PBXBuildFile; fileRef = B3BB199D2780AC62007F92C4 /* InstaCloneUITests.swift */; };
		B3BB19A02780AC62007F92C4 /* InstaCloneUITestsLaunchTests.swift in Sources */ = {isa = PBXBuildFile; fileRef = B3BB199F2780AC62007F92C4 /* InstaCloneUITestsLaunchTests.swift */; };
		B3BB19D42780B0F0007F92C4 /* PostInfoCell.swift in Sources */ = {isa = PBXBuildFile; fileRef = B3BB19D22780B0F0007F92C4 /* PostInfoCell.swift */; };
		B3BB19D82780B176007F92C4 /* PostImageCell.swift in Sources */ = {isa = PBXBuildFile; fileRef = B3BB19D62780B176007F92C4 /* PostImageCell.swift */; };
		B3BB19D92780B176007F92C4 /* PostImageCell.xib in Resources */ = {isa = PBXBuildFile; fileRef = B3BB19D72780B176007F92C4 /* PostImageCell.xib */; };
		B3BB19DC2780B18A007F92C4 /* PostInteractionCell.swift in Sources */ = {isa = PBXBuildFile; fileRef = B3BB19DA2780B18A007F92C4 /* PostInteractionCell.swift */; };
		B3BB19DD2780B18A007F92C4 /* PostInteractionCell.xib in Resources */ = {isa = PBXBuildFile; fileRef = B3BB19DB2780B18A007F92C4 /* PostInteractionCell.xib */; };
		B3BB19E02780B1A0007F92C4 /* PostLikesCell.swift in Sources */ = {isa = PBXBuildFile; fileRef = B3BB19DE2780B1A0007F92C4 /* PostLikesCell.swift */; };
		B3BB19E12780B1A0007F92C4 /* PostLikesCell.xib in Resources */ = {isa = PBXBuildFile; fileRef = B3BB19DF2780B1A0007F92C4 /* PostLikesCell.xib */; };
		B3BB19E42780B1C6007F92C4 /* PostCaptionCell.swift in Sources */ = {isa = PBXBuildFile; fileRef = B3BB19E22780B1C6007F92C4 /* PostCaptionCell.swift */; };
		B3BB19E52780B1C6007F92C4 /* PostCaptionCell.xib in Resources */ = {isa = PBXBuildFile; fileRef = B3BB19E32780B1C6007F92C4 /* PostCaptionCell.xib */; };
		B3BB19E82780B1DA007F92C4 /* PostDateCell.swift in Sources */ = {isa = PBXBuildFile; fileRef = B3BB19E62780B1DA007F92C4 /* PostDateCell.swift */; };
		B3BB19E92780B1DA007F92C4 /* PostDateCell.xib in Resources */ = {isa = PBXBuildFile; fileRef = B3BB19E72780B1DA007F92C4 /* PostDateCell.xib */; };
		B3BB19EC2780B1EE007F92C4 /* PostCommentsCell.swift in Sources */ = {isa = PBXBuildFile; fileRef = B3BB19EA2780B1EE007F92C4 /* PostCommentsCell.swift */; };
		B3BB19ED2780B1EE007F92C4 /* PostCommentsCell.xib in Resources */ = {isa = PBXBuildFile; fileRef = B3BB19EB2780B1EE007F92C4 /* PostCommentsCell.xib */; };
		B3BB19F72780B545007F92C4 /* PostInfoModel.swift in Sources */ = {isa = PBXBuildFile; fileRef = B3BB19F62780B545007F92C4 /* PostInfoModel.swift */; };
		B3BB19F92780B75A007F92C4 /* PostInfoCell.xib in Resources */ = {isa = PBXBuildFile; fileRef = B3BB19F82780B75A007F92C4 /* PostInfoCell.xib */; };
		B3D2525C2780BB1400DAC6C0 /* PostInteractionModel.swift in Sources */ = {isa = PBXBuildFile; fileRef = B3D2525B2780BB1400DAC6C0 /* PostInteractionModel.swift */; };
		B3D252602780DF8C00DAC6C0 /* PostCommentModel.swift in Sources */ = {isa = PBXBuildFile; fileRef = B3D2525F2780DF8C00DAC6C0 /* PostCommentModel.swift */; };
/* End PBXBuildFile section */

/* Begin PBXContainerItemProxy section */
		B3BB19902780AC62007F92C4 /* PBXContainerItemProxy */ = {
			isa = PBXContainerItemProxy;
			containerPortal = B3BB19712780AC61007F92C4 /* Project object */;
			proxyType = 1;
			remoteGlobalIDString = B3BB19782780AC61007F92C4;
			remoteInfo = InstaClone;
		};
		B3BB199A2780AC62007F92C4 /* PBXContainerItemProxy */ = {
			isa = PBXContainerItemProxy;
			containerPortal = B3BB19712780AC61007F92C4 /* Project object */;
			proxyType = 1;
			remoteGlobalIDString = B3BB19782780AC61007F92C4;
			remoteInfo = InstaClone;
		};
/* End PBXContainerItemProxy section */

/* Begin PBXFileReference section */
		B3BB19792780AC61007F92C4 /* InstaClone.app */ = {isa = PBXFileReference; explicitFileType = wrapper.application; includeInIndex = 0; path = InstaClone.app; sourceTree = BUILT_PRODUCTS_DIR; };
		B3BB197C2780AC61007F92C4 /* AppDelegate.swift */ = {isa = PBXFileReference; lastKnownFileType = sourcecode.swift; path = AppDelegate.swift; sourceTree = "<group>"; };
		B3BB197E2780AC61007F92C4 /* SceneDelegate.swift */ = {isa = PBXFileReference; lastKnownFileType = sourcecode.swift; path = SceneDelegate.swift; sourceTree = "<group>"; };
		B3BB19802780AC61007F92C4 /* ViewController.swift */ = {isa = PBXFileReference; lastKnownFileType = sourcecode.swift; path = ViewController.swift; sourceTree = "<group>"; };
		B3BB19832780AC61007F92C4 /* Base */ = {isa = PBXFileReference; lastKnownFileType = file.storyboard; name = Base; path = Base.lproj/Main.storyboard; sourceTree = "<group>"; };
		B3BB19852780AC62007F92C4 /* Assets.xcassets */ = {isa = PBXFileReference; lastKnownFileType = folder.assetcatalog; path = Assets.xcassets; sourceTree = "<group>"; };
		B3BB19882780AC62007F92C4 /* Base */ = {isa = PBXFileReference; lastKnownFileType = file.storyboard; name = Base; path = Base.lproj/LaunchScreen.storyboard; sourceTree = "<group>"; };
		B3BB198A2780AC62007F92C4 /* Info.plist */ = {isa = PBXFileReference; lastKnownFileType = text.plist.xml; path = Info.plist; sourceTree = "<group>"; };
		B3BB198F2780AC62007F92C4 /* InstaCloneTests.xctest */ = {isa = PBXFileReference; explicitFileType = wrapper.cfbundle; includeInIndex = 0; path = InstaCloneTests.xctest; sourceTree = BUILT_PRODUCTS_DIR; };
		B3BB19932780AC62007F92C4 /* InstaCloneTests.swift */ = {isa = PBXFileReference; lastKnownFileType = sourcecode.swift; path = InstaCloneTests.swift; sourceTree = "<group>"; };
		B3BB19992780AC62007F92C4 /* InstaCloneUITests.xctest */ = {isa = PBXFileReference; explicitFileType = wrapper.cfbundle; includeInIndex = 0; path = InstaCloneUITests.xctest; sourceTree = BUILT_PRODUCTS_DIR; };
		B3BB199D2780AC62007F92C4 /* InstaCloneUITests.swift */ = {isa = PBXFileReference; lastKnownFileType = sourcecode.swift; path = InstaCloneUITests.swift; sourceTree = "<group>"; };
		B3BB199F2780AC62007F92C4 /* InstaCloneUITestsLaunchTests.swift */ = {isa = PBXFileReference; lastKnownFileType = sourcecode.swift; path = InstaCloneUITestsLaunchTests.swift; sourceTree = "<group>"; };
		B3BB19D22780B0F0007F92C4 /* PostInfoCell.swift */ = {isa = PBXFileReference; lastKnownFileType = sourcecode.swift; path = PostInfoCell.swift; sourceTree = "<group>"; };
		B3BB19D62780B176007F92C4 /* PostImageCell.swift */ = {isa = PBXFileReference; lastKnownFileType = sourcecode.swift; path = PostImageCell.swift; sourceTree = "<group>"; };
		B3BB19D72780B176007F92C4 /* PostImageCell.xib */ = {isa = PBXFileReference; lastKnownFileType = file.xib; path = PostImageCell.xib; sourceTree = "<group>"; };
		B3BB19DA2780B18A007F92C4 /* PostInteractionCell.swift */ = {isa = PBXFileReference; lastKnownFileType = sourcecode.swift; path = PostInteractionCell.swift; sourceTree = "<group>"; };
		B3BB19DB2780B18A007F92C4 /* PostInteractionCell.xib */ = {isa = PBXFileReference; lastKnownFileType = file.xib; path = PostInteractionCell.xib; sourceTree = "<group>"; };
		B3BB19DE2780B1A0007F92C4 /* PostLikesCell.swift */ = {isa = PBXFileReference; lastKnownFileType = sourcecode.swift; path = PostLikesCell.swift; sourceTree = "<group>"; };
		B3BB19DF2780B1A0007F92C4 /* PostLikesCell.xib */ = {isa = PBXFileReference; lastKnownFileType = file.xib; path = PostLikesCell.xib; sourceTree = "<group>"; };
		B3BB19E22780B1C6007F92C4 /* PostCaptionCell.swift */ = {isa = PBXFileReference; lastKnownFileType = sourcecode.swift; path = PostCaptionCell.swift; sourceTree = "<group>"; };
		B3BB19E32780B1C6007F92C4 /* PostCaptionCell.xib */ = {isa = PBXFileReference; lastKnownFileType = file.xib; path = PostCaptionCell.xib; sourceTree = "<group>"; };
		B3BB19E62780B1DA007F92C4 /* PostDateCell.swift */ = {isa = PBXFileReference; lastKnownFileType = sourcecode.swift; path = PostDateCell.swift; sourceTree = "<group>"; };
		B3BB19E72780B1DA007F92C4 /* PostDateCell.xib */ = {isa = PBXFileReference; lastKnownFileType = file.xib; path = PostDateCell.xib; sourceTree = "<group>"; };
		B3BB19EA2780B1EE007F92C4 /* PostCommentsCell.swift */ = {isa = PBXFileReference; lastKnownFileType = sourcecode.swift; path = PostCommentsCell.swift; sourceTree = "<group>"; };
		B3BB19EB2780B1EE007F92C4 /* PostCommentsCell.xib */ = {isa = PBXFileReference; lastKnownFileType = file.xib; path = PostCommentsCell.xib; sourceTree = "<group>"; };
		B3BB19F62780B545007F92C4 /* PostInfoModel.swift */ = {isa = PBXFileReference; lastKnownFileType = sourcecode.swift; path = PostInfoModel.swift; sourceTree = "<group>"; };
		B3BB19F82780B75A007F92C4 /* PostInfoCell.xib */ = {isa = PBXFileReference; fileEncoding = 4; lastKnownFileType = file.xib; path = PostInfoCell.xib; sourceTree = "<group>"; };
		B3D2525B2780BB1400DAC6C0 /* PostInteractionModel.swift */ = {isa = PBXFileReference; lastKnownFileType = sourcecode.swift; path = PostInteractionModel.swift; sourceTree = "<group>"; };
		B3D2525F2780DF8C00DAC6C0 /* PostCommentModel.swift */ = {isa = PBXFileReference; lastKnownFileType = sourcecode.swift; path = PostCommentModel.swift; sourceTree = "<group>"; };
/* End PBXFileReference section */

/* Begin PBXFrameworksBuildPhase section */
		B3BB19762780AC61007F92C4 /* Frameworks */ = {
			isa = PBXFrameworksBuildPhase;
			buildActionMask = 2147483647;
			files = (
			);
			runOnlyForDeploymentPostprocessing = 0;
		};
		B3BB198C2780AC62007F92C4 /* Frameworks */ = {
			isa = PBXFrameworksBuildPhase;
			buildActionMask = 2147483647;
			files = (
			);
			runOnlyForDeploymentPostprocessing = 0;
		};
		B3BB19962780AC62007F92C4 /* Frameworks */ = {
			isa = PBXFrameworksBuildPhase;
			buildActionMask = 2147483647;
			files = (
			);
			runOnlyForDeploymentPostprocessing = 0;
		};
/* End PBXFrameworksBuildPhase section */

/* Begin PBXGroup section */
		B3BB19702780AC61007F92C4 = {
			isa = PBXGroup;
			children = (
				B3BB197B2780AC61007F92C4 /* InstaClone */,
				B3BB19922780AC62007F92C4 /* InstaCloneTests */,
				B3BB199C2780AC62007F92C4 /* InstaCloneUITests */,
				B3BB197A2780AC61007F92C4 /* Products */,
			);
			sourceTree = "<group>";
		};
		B3BB197A2780AC61007F92C4 /* Products */ = {
			isa = PBXGroup;
			children = (
				B3BB19792780AC61007F92C4 /* InstaClone.app */,
				B3BB198F2780AC62007F92C4 /* InstaCloneTests.xctest */,
				B3BB19992780AC62007F92C4 /* InstaCloneUITests.xctest */,
			);
			name = Products;
			sourceTree = "<group>";
		};
		B3BB197B2780AC61007F92C4 /* InstaClone */ = {
			isa = PBXGroup;
			children = (
				B3BB197C2780AC61007F92C4 /* AppDelegate.swift */,
				B3BB197E2780AC61007F92C4 /* SceneDelegate.swift */,
				B3BB19802780AC61007F92C4 /* ViewController.swift */,
				B3BB19822780AC61007F92C4 /* Main.storyboard */,
				B3BB19852780AC62007F92C4 /* Assets.xcassets */,
				B3BB19872780AC62007F92C4 /* LaunchScreen.storyboard */,
				B3BB198A2780AC62007F92C4 /* Info.plist */,
				B3BB19EE2780B218007F92C4 /* Post Cells */,
			);
			path = InstaClone;
			sourceTree = "<group>";
		};
		B3BB19922780AC62007F92C4 /* InstaCloneTests */ = {
			isa = PBXGroup;
			children = (
				B3BB19932780AC62007F92C4 /* InstaCloneTests.swift */,
			);
			path = InstaCloneTests;
			sourceTree = "<group>";
		};
		B3BB199C2780AC62007F92C4 /* InstaCloneUITests */ = {
			isa = PBXGroup;
			children = (
				B3BB199D2780AC62007F92C4 /* InstaCloneUITests.swift */,
				B3BB199F2780AC62007F92C4 /* InstaCloneUITestsLaunchTests.swift */,
			);
			path = InstaCloneUITests;
			sourceTree = "<group>";
		};
		B3BB19EE2780B218007F92C4 /* Post Cells */ = {
			isa = PBXGroup;
			children = (
				B3BB19EF2780B2B1007F92C4 /* Post Info Cell */,
				B3BB19F02780B2C0007F92C4 /* Post Image Cell */,
				B3BB19F12780B2D5007F92C4 /* Post Interaction Cell */,
				B3BB19F22780B2E0007F92C4 /* Post Likes Cell */,
				B3BB19F32780B2E8007F92C4 /* Post Caption Cell */,
				B3BB19F42780B2F0007F92C4 /* Post Date Cell */,
				B3BB19F52780B2F9007F92C4 /* Post Comments Cell */,
			);
			path = "Post Cells";
			sourceTree = "<group>";
		};
		B3BB19EF2780B2B1007F92C4 /* Post Info Cell */ = {
			isa = PBXGroup;
			children = (
				B3BB19F82780B75A007F92C4 /* PostInfoCell.xib */,
				B3BB19D22780B0F0007F92C4 /* PostInfoCell.swift */,
				B3BB19F62780B545007F92C4 /* PostInfoModel.swift */,
			);
			path = "Post Info Cell";
			sourceTree = "<group>";
		};
		B3BB19F02780B2C0007F92C4 /* Post Image Cell */ = {
			isa = PBXGroup;
			children = (
				B3BB19D62780B176007F92C4 /* PostImageCell.swift */,
				B3BB19D72780B176007F92C4 /* PostImageCell.xib */,
			);
			path = "Post Image Cell";
			sourceTree = "<group>";
		};
		B3BB19F12780B2D5007F92C4 /* Post Interaction Cell */ = {
			isa = PBXGroup;
			children = (
				B3BB19DA2780B18A007F92C4 /* PostInteractionCell.swift */,
				B3BB19DB2780B18A007F92C4 /* PostInteractionCell.xib */,
				B3D2525B2780BB1400DAC6C0 /* PostInteractionModel.swift */,
			);
			path = "Post Interaction Cell";
			sourceTree = "<group>";
		};
		B3BB19F22780B2E0007F92C4 /* Post Likes Cell */ = {
			isa = PBXGroup;
			children = (
				B3BB19DE2780B1A0007F92C4 /* PostLikesCell.swift */,
				B3BB19DF2780B1A0007F92C4 /* PostLikesCell.xib */,
			);
			path = "Post Likes Cell";
			sourceTree = "<group>";
		};
		B3BB19F32780B2E8007F92C4 /* Post Caption Cell */ = {
			isa = PBXGroup;
			children = (
				B3BB19E22780B1C6007F92C4 /* PostCaptionCell.swift */,
				B3BB19E32780B1C6007F92C4 /* PostCaptionCell.xib */,
			);
			path = "Post Caption Cell";
			sourceTree = "<group>";
		};
		B3BB19F42780B2F0007F92C4 /* Post Date Cell */ = {
			isa = PBXGroup;
			children = (
				B3BB19E62780B1DA007F92C4 /* PostDateCell.swift */,
				B3BB19E72780B1DA007F92C4 /* PostDateCell.xib */,
			);
			path = "Post Date Cell";
			sourceTree = "<group>";
		};
		B3BB19F52780B2F9007F92C4 /* Post Comments Cell */ = {
			isa = PBXGroup;
			children = (
				B3BB19EA2780B1EE007F92C4 /* PostCommentsCell.swift */,
				B3BB19EB2780B1EE007F92C4 /* PostCommentsCell.xib */,
				B3D2525F2780DF8C00DAC6C0 /* PostCommentModel.swift */,
			);
			path = "Post Comments Cell";
			sourceTree = "<group>";
		};
/* End PBXGroup section */

/* Begin PBXNativeTarget section */
		B3BB19782780AC61007F92C4 /* InstaClone */ = {
			isa = PBXNativeTarget;
			buildConfigurationList = B3BB19A32780AC62007F92C4 /* Build configuration list for PBXNativeTarget "InstaClone" */;
			buildPhases = (
				B3BB19752780AC61007F92C4 /* Sources */,
				B3BB19762780AC61007F92C4 /* Frameworks */,
				B3BB19772780AC61007F92C4 /* Resources */,
			);
			buildRules = (
			);
			dependencies = (
			);
			name = InstaClone;
			productName = InstaClone;
			productReference = B3BB19792780AC61007F92C4 /* InstaClone.app */;
			productType = "com.apple.product-type.application";
		};
		B3BB198E2780AC62007F92C4 /* InstaCloneTests */ = {
			isa = PBXNativeTarget;
			buildConfigurationList = B3BB19A62780AC62007F92C4 /* Build configuration list for PBXNativeTarget "InstaCloneTests" */;
			buildPhases = (
				B3BB198B2780AC62007F92C4 /* Sources */,
				B3BB198C2780AC62007F92C4 /* Frameworks */,
				B3BB198D2780AC62007F92C4 /* Resources */,
			);
			buildRules = (
			);
			dependencies = (
				B3BB19912780AC62007F92C4 /* PBXTargetDependency */,
			);
			name = InstaCloneTests;
			productName = InstaCloneTests;
			productReference = B3BB198F2780AC62007F92C4 /* InstaCloneTests.xctest */;
			productType = "com.apple.product-type.bundle.unit-test";
		};
		B3BB19982780AC62007F92C4 /* InstaCloneUITests */ = {
			isa = PBXNativeTarget;
			buildConfigurationList = B3BB19A92780AC62007F92C4 /* Build configuration list for PBXNativeTarget "InstaCloneUITests" */;
			buildPhases = (
				B3BB19952780AC62007F92C4 /* Sources */,
				B3BB19962780AC62007F92C4 /* Frameworks */,
				B3BB19972780AC62007F92C4 /* Resources */,
			);
			buildRules = (
			);
			dependencies = (
				B3BB199B2780AC62007F92C4 /* PBXTargetDependency */,
			);
			name = InstaCloneUITests;
			productName = InstaCloneUITests;
			productReference = B3BB19992780AC62007F92C4 /* InstaCloneUITests.xctest */;
			productType = "com.apple.product-type.bundle.ui-testing";
		};
/* End PBXNativeTarget section */

/* Begin PBXProject section */
		B3BB19712780AC61007F92C4 /* Project object */ = {
			isa = PBXProject;
			attributes = {
				BuildIndependentTargetsInParallel = 1;
				LastSwiftUpdateCheck = 1320;
				LastUpgradeCheck = 1320;
				TargetAttributes = {
					B3BB19782780AC61007F92C4 = {
						CreatedOnToolsVersion = 13.2.1;
					};
					B3BB198E2780AC62007F92C4 = {
						CreatedOnToolsVersion = 13.2.1;
						TestTargetID = B3BB19782780AC61007F92C4;
					};
					B3BB19982780AC62007F92C4 = {
						CreatedOnToolsVersion = 13.2.1;
						TestTargetID = B3BB19782780AC61007F92C4;
					};
				};
			};
			buildConfigurationList = B3BB19742780AC61007F92C4 /* Build configuration list for PBXProject "InstaClone" */;
			compatibilityVersion = "Xcode 13.0";
			developmentRegion = en;
			hasScannedForEncodings = 0;
			knownRegions = (
				en,
				Base,
			);
			mainGroup = B3BB19702780AC61007F92C4;
			productRefGroup = B3BB197A2780AC61007F92C4 /* Products */;
			projectDirPath = "";
			projectRoot = "";
			targets = (
				B3BB19782780AC61007F92C4 /* InstaClone */,
				B3BB198E2780AC62007F92C4 /* InstaCloneTests */,
				B3BB19982780AC62007F92C4 /* InstaCloneUITests */,
			);
		};
/* End PBXProject section */

/* Begin PBXResourcesBuildPhase section */
		B3BB19772780AC61007F92C4 /* Resources */ = {
			isa = PBXResourcesBuildPhase;
			buildActionMask = 2147483647;
			files = (
				B3BB19E52780B1C6007F92C4 /* PostCaptionCell.xib in Resources */,
				B3BB19DD2780B18A007F92C4 /* PostInteractionCell.xib in Resources */,
				B3BB19E12780B1A0007F92C4 /* PostLikesCell.xib in Resources */,
				B3BB19F92780B75A007F92C4 /* PostInfoCell.xib in Resources */,
				B3BB19E92780B1DA007F92C4 /* PostDateCell.xib in Resources */,
				B3BB19892780AC62007F92C4 /* LaunchScreen.storyboard in Resources */,
				B3BB19D92780B176007F92C4 /* PostImageCell.xib in Resources */,
				B3BB19862780AC62007F92C4 /* Assets.xcassets in Resources */,
				B3BB19842780AC61007F92C4 /* Main.storyboard in Resources */,
				B3BB19ED2780B1EE007F92C4 /* PostCommentsCell.xib in Resources */,
			);
			runOnlyForDeploymentPostprocessing = 0;
		};
		B3BB198D2780AC62007F92C4 /* Resources */ = {
			isa = PBXResourcesBuildPhase;
			buildActionMask = 2147483647;
			files = (
			);
			runOnlyForDeploymentPostprocessing = 0;
		};
		B3BB19972780AC62007F92C4 /* Resources */ = {
			isa = PBXResourcesBuildPhase;
			buildActionMask = 2147483647;
			files = (
			);
			runOnlyForDeploymentPostprocessing = 0;
		};
/* End PBXResourcesBuildPhase section */

/* Begin PBXSourcesBuildPhase section */
		B3BB19752780AC61007F92C4 /* Sources */ = {
			isa = PBXSourcesBuildPhase;
			buildActionMask = 2147483647;
			files = (
				B3BB19D42780B0F0007F92C4 /* PostInfoCell.swift in Sources */,
				B3BB19EC2780B1EE007F92C4 /* PostCommentsCell.swift in Sources */,
				B3BB19812780AC61007F92C4 /* ViewController.swift in Sources */,
				B3BB197D2780AC61007F92C4 /* AppDelegate.swift in Sources */,
				B3D2525C2780BB1400DAC6C0 /* PostInteractionModel.swift in Sources */,
				B3BB19E02780B1A0007F92C4 /* PostLikesCell.swift in Sources */,
				B3BB19E42780B1C6007F92C4 /* PostCaptionCell.swift in Sources */,
				B3BB19F72780B545007F92C4 /* PostInfoModel.swift in Sources */,
				B3BB19E82780B1DA007F92C4 /* PostDateCell.swift in Sources */,
				B3D252602780DF8C00DAC6C0 /* PostCommentModel.swift in Sources */,
				B3BB19D82780B176007F92C4 /* PostImageCell.swift in Sources */,
				B3BB19DC2780B18A007F92C4 /* PostInteractionCell.swift in Sources */,
				B3BB197F2780AC61007F92C4 /* SceneDelegate.swift in Sources */,
			);
			runOnlyForDeploymentPostprocessing = 0;
		};
		B3BB198B2780AC62007F92C4 /* Sources */ = {
			isa = PBXSourcesBuildPhase;
			buildActionMask = 2147483647;
			files = (
				B3BB19942780AC62007F92C4 /* InstaCloneTests.swift in Sources */,
			);
			runOnlyForDeploymentPostprocessing = 0;
		};
		B3BB19952780AC62007F92C4 /* Sources */ = {
			isa = PBXSourcesBuildPhase;
			buildActionMask = 2147483647;
			files = (
				B3BB19A02780AC62007F92C4 /* InstaCloneUITestsLaunchTests.swift in Sources */,
				B3BB199E2780AC62007F92C4 /* InstaCloneUITests.swift in Sources */,
			);
			runOnlyForDeploymentPostprocessing = 0;
		};
/* End PBXSourcesBuildPhase section */

/* Begin PBXTargetDependency section */
		B3BB19912780AC62007F92C4 /* PBXTargetDependency */ = {
			isa = PBXTargetDependency;
			target = B3BB19782780AC61007F92C4 /* InstaClone */;
			targetProxy = B3BB19902780AC62007F92C4 /* PBXContainerItemProxy */;
		};
		B3BB199B2780AC62007F92C4 /* PBXTargetDependency */ = {
			isa = PBXTargetDependency;
			target = B3BB19782780AC61007F92C4 /* InstaClone */;
			targetProxy = B3BB199A2780AC62007F92C4 /* PBXContainerItemProxy */;
		};
/* End PBXTargetDependency section */

/* Begin PBXVariantGroup section */
		B3BB19822780AC61007F92C4 /* Main.storyboard */ = {
			isa = PBXVariantGroup;
			children = (
				B3BB19832780AC61007F92C4 /* Base */,
			);
			name = Main.storyboard;
			sourceTree = "<group>";
		};
		B3BB19872780AC62007F92C4 /* LaunchScreen.storyboard */ = {
			isa = PBXVariantGroup;
			children = (
				B3BB19882780AC62007F92C4 /* Base */,
			);
			name = LaunchScreen.storyboard;
			sourceTree = "<group>";
		};
/* End PBXVariantGroup section */

/* Begin XCBuildConfiguration section */
		B3BB19A12780AC62007F92C4 /* Debug */ = {
			isa = XCBuildConfiguration;
			buildSettings = {
				ALWAYS_SEARCH_USER_PATHS = NO;
				CLANG_ANALYZER_NONNULL = YES;
				CLANG_ANALYZER_NUMBER_OBJECT_CONVERSION = YES_AGGRESSIVE;
				CLANG_CXX_LANGUAGE_STANDARD = "gnu++17";
				CLANG_CXX_LIBRARY = "libc++";
				CLANG_ENABLE_MODULES = YES;
				CLANG_ENABLE_OBJC_ARC = YES;
				CLANG_ENABLE_OBJC_WEAK = YES;
				CLANG_WARN_BLOCK_CAPTURE_AUTORELEASING = YES;
				CLANG_WARN_BOOL_CONVERSION = YES;
				CLANG_WARN_COMMA = YES;
				CLANG_WARN_CONSTANT_CONVERSION = YES;
				CLANG_WARN_DEPRECATED_OBJC_IMPLEMENTATIONS = YES;
				CLANG_WARN_DIRECT_OBJC_ISA_USAGE = YES_ERROR;
				CLANG_WARN_DOCUMENTATION_COMMENTS = YES;
				CLANG_WARN_EMPTY_BODY = YES;
				CLANG_WARN_ENUM_CONVERSION = YES;
				CLANG_WARN_INFINITE_RECURSION = YES;
				CLANG_WARN_INT_CONVERSION = YES;
				CLANG_WARN_NON_LITERAL_NULL_CONVERSION = YES;
				CLANG_WARN_OBJC_IMPLICIT_RETAIN_SELF = YES;
				CLANG_WARN_OBJC_LITERAL_CONVERSION = YES;
				CLANG_WARN_OBJC_ROOT_CLASS = YES_ERROR;
				CLANG_WARN_QUOTED_INCLUDE_IN_FRAMEWORK_HEADER = YES;
				CLANG_WARN_RANGE_LOOP_ANALYSIS = YES;
				CLANG_WARN_STRICT_PROTOTYPES = YES;
				CLANG_WARN_SUSPICIOUS_MOVE = YES;
				CLANG_WARN_UNGUARDED_AVAILABILITY = YES_AGGRESSIVE;
				CLANG_WARN_UNREACHABLE_CODE = YES;
				CLANG_WARN__DUPLICATE_METHOD_MATCH = YES;
				COPY_PHASE_STRIP = NO;
				DEBUG_INFORMATION_FORMAT = dwarf;
				ENABLE_STRICT_OBJC_MSGSEND = YES;
				ENABLE_TESTABILITY = YES;
				GCC_C_LANGUAGE_STANDARD = gnu11;
				GCC_DYNAMIC_NO_PIC = NO;
				GCC_NO_COMMON_BLOCKS = YES;
				GCC_OPTIMIZATION_LEVEL = 0;
				GCC_PREPROCESSOR_DEFINITIONS = (
					"DEBUG=1",
					"$(inherited)",
				);
				GCC_WARN_64_TO_32_BIT_CONVERSION = YES;
				GCC_WARN_ABOUT_RETURN_TYPE = YES_ERROR;
				GCC_WARN_UNDECLARED_SELECTOR = YES;
				GCC_WARN_UNINITIALIZED_AUTOS = YES_AGGRESSIVE;
				GCC_WARN_UNUSED_FUNCTION = YES;
				GCC_WARN_UNUSED_VARIABLE = YES;
				IPHONEOS_DEPLOYMENT_TARGET = 15.2;
				MTL_ENABLE_DEBUG_INFO = INCLUDE_SOURCE;
				MTL_FAST_MATH = YES;
				ONLY_ACTIVE_ARCH = YES;
				SDKROOT = iphoneos;
				SWIFT_ACTIVE_COMPILATION_CONDITIONS = DEBUG;
				SWIFT_OPTIMIZATION_LEVEL = "-Onone";
			};
			name = Debug;
		};
		B3BB19A22780AC62007F92C4 /* Release */ = {
			isa = XCBuildConfiguration;
			buildSettings = {
				ALWAYS_SEARCH_USER_PATHS = NO;
				CLANG_ANALYZER_NONNULL = YES;
				CLANG_ANALYZER_NUMBER_OBJECT_CONVERSION = YES_AGGRESSIVE;
				CLANG_CXX_LANGUAGE_STANDARD = "gnu++17";
				CLANG_CXX_LIBRARY = "libc++";
				CLANG_ENABLE_MODULES = YES;
				CLANG_ENABLE_OBJC_ARC = YES;
				CLANG_ENABLE_OBJC_WEAK = YES;
				CLANG_WARN_BLOCK_CAPTURE_AUTORELEASING = YES;
				CLANG_WARN_BOOL_CONVERSION = YES;
				CLANG_WARN_COMMA = YES;
				CLANG_WARN_CONSTANT_CONVERSION = YES;
				CLANG_WARN_DEPRECATED_OBJC_IMPLEMENTATIONS = YES;
				CLANG_WARN_DIRECT_OBJC_ISA_USAGE = YES_ERROR;
				CLANG_WARN_DOCUMENTATION_COMMENTS = YES;
				CLANG_WARN_EMPTY_BODY = YES;
				CLANG_WARN_ENUM_CONVERSION = YES;
				CLANG_WARN_INFINITE_RECURSION = YES;
				CLANG_WARN_INT_CONVERSION = YES;
				CLANG_WARN_NON_LITERAL_NULL_CONVERSION = YES;
				CLANG_WARN_OBJC_IMPLICIT_RETAIN_SELF = YES;
				CLANG_WARN_OBJC_LITERAL_CONVERSION = YES;
				CLANG_WARN_OBJC_ROOT_CLASS = YES_ERROR;
				CLANG_WARN_QUOTED_INCLUDE_IN_FRAMEWORK_HEADER = YES;
				CLANG_WARN_RANGE_LOOP_ANALYSIS = YES;
				CLANG_WARN_STRICT_PROTOTYPES = YES;
				CLANG_WARN_SUSPICIOUS_MOVE = YES;
				CLANG_WARN_UNGUARDED_AVAILABILITY = YES_AGGRESSIVE;
				CLANG_WARN_UNREACHABLE_CODE = YES;
				CLANG_WARN__DUPLICATE_METHOD_MATCH = YES;
				COPY_PHASE_STRIP = NO;
				DEBUG_INFORMATION_FORMAT = "dwarf-with-dsym";
				ENABLE_NS_ASSERTIONS = NO;
				ENABLE_STRICT_OBJC_MSGSEND = YES;
				GCC_C_LANGUAGE_STANDARD = gnu11;
				GCC_NO_COMMON_BLOCKS = YES;
				GCC_WARN_64_TO_32_BIT_CONVERSION = YES;
				GCC_WARN_ABOUT_RETURN_TYPE = YES_ERROR;
				GCC_WARN_UNDECLARED_SELECTOR = YES;
				GCC_WARN_UNINITIALIZED_AUTOS = YES_AGGRESSIVE;
				GCC_WARN_UNUSED_FUNCTION = YES;
				GCC_WARN_UNUSED_VARIABLE = YES;
				IPHONEOS_DEPLOYMENT_TARGET = 15.2;
				MTL_ENABLE_DEBUG_INFO = NO;
				MTL_FAST_MATH = YES;
				SDKROOT = iphoneos;
				SWIFT_COMPILATION_MODE = wholemodule;
				SWIFT_OPTIMIZATION_LEVEL = "-O";
				VALIDATE_PRODUCT = YES;
			};
			name = Release;
		};
		B3BB19A42780AC62007F92C4 /* Debug */ = {
			isa = XCBuildConfiguration;
			buildSettings = {
				ASSETCATALOG_COMPILER_APPICON_NAME = AppIcon;
				ASSETCATALOG_COMPILER_GLOBAL_ACCENT_COLOR_NAME = AccentColor;
				CODE_SIGN_STYLE = Automatic;
				CURRENT_PROJECT_VERSION = 1;
				DEVELOPMENT_TEAM = J95SAB5D3H;
				GENERATE_INFOPLIST_FILE = YES;
				INFOPLIST_FILE = InstaClone/Info.plist;
				INFOPLIST_KEY_UIApplicationSupportsIndirectInputEvents = YES;
				INFOPLIST_KEY_UILaunchStoryboardName = LaunchScreen;
				INFOPLIST_KEY_UIMainStoryboardFile = Main;
				INFOPLIST_KEY_UISupportedInterfaceOrientations = UIInterfaceOrientationPortrait;
				INFOPLIST_KEY_UISupportedInterfaceOrientations_iPad = "UIInterfaceOrientationPortrait UIInterfaceOrientationPortraitUpsideDown UIInterfaceOrientationLandscapeLeft UIInterfaceOrientationLandscapeRight";
				INFOPLIST_KEY_UISupportedInterfaceOrientations_iPhone = "UIInterfaceOrientationPortrait UIInterfaceOrientationLandscapeLeft UIInterfaceOrientationLandscapeRight";
				LD_RUNPATH_SEARCH_PATHS = (
					"$(inherited)",
					"@executable_path/Frameworks",
				);
				MARKETING_VERSION = 1.0;
				PRODUCT_BUNDLE_IDENTIFIER = com.evantempleton.InstaClone;
				PRODUCT_NAME = "$(TARGET_NAME)";
				SWIFT_EMIT_LOC_STRINGS = YES;
				SWIFT_VERSION = 5.0;
				TARGETED_DEVICE_FAMILY = 1;
			};
			name = Debug;
		};
		B3BB19A52780AC62007F92C4 /* Release */ = {
			isa = XCBuildConfiguration;
			buildSettings = {
				ASSETCATALOG_COMPILER_APPICON_NAME = AppIcon;
				ASSETCATALOG_COMPILER_GLOBAL_ACCENT_COLOR_NAME = AccentColor;
				CODE_SIGN_STYLE = Automatic;
				CURRENT_PROJECT_VERSION = 1;
				DEVELOPMENT_TEAM = J95SAB5D3H;
				GENERATE_INFOPLIST_FILE = YES;
				INFOPLIST_FILE = InstaClone/Info.plist;
				INFOPLIST_KEY_UIApplicationSupportsIndirectInputEvents = YES;
				INFOPLIST_KEY_UILaunchStoryboardName = LaunchScreen;
				INFOPLIST_KEY_UIMainStoryboardFile = Main;
				INFOPLIST_KEY_UISupportedInterfaceOrientations = UIInterfaceOrientationPortrait;
				INFOPLIST_KEY_UISupportedInterfaceOrientations_iPad = "UIInterfaceOrientationPortrait UIInterfaceOrientationPortraitUpsideDown UIInterfaceOrientationLandscapeLeft UIInterfaceOrientationLandscapeRight";
				INFOPLIST_KEY_UISupportedInterfaceOrientations_iPhone = "UIInterfaceOrientationPortrait UIInterfaceOrientationLandscapeLeft UIInterfaceOrientationLandscapeRight";
				LD_RUNPATH_SEARCH_PATHS = (
					"$(inherited)",
					"@executable_path/Frameworks",
				);
				MARKETING_VERSION = 1.0;
				PRODUCT_BUNDLE_IDENTIFIER = com.evantempleton.InstaClone;
				PRODUCT_NAME = "$(TARGET_NAME)";
				SWIFT_EMIT_LOC_STRINGS = YES;
				SWIFT_VERSION = 5.0;
				TARGETED_DEVICE_FAMILY = 1;
			};
			name = Release;
		};
		B3BB19A72780AC62007F92C4 /* Debug */ = {
			isa = XCBuildConfiguration;
			buildSettings = {
				ALWAYS_EMBED_SWIFT_STANDARD_LIBRARIES = YES;
				BUNDLE_LOADER = "$(TEST_HOST)";
				CODE_SIGN_STYLE = Automatic;
				CURRENT_PROJECT_VERSION = 1;
				DEVELOPMENT_TEAM = J95SAB5D3H;
				GENERATE_INFOPLIST_FILE = YES;
				IPHONEOS_DEPLOYMENT_TARGET = 15.2;
				MARKETING_VERSION = 1.0;
				PRODUCT_BUNDLE_IDENTIFIER = com.evantempleton.InstaCloneTests;
				PRODUCT_NAME = "$(TARGET_NAME)";
				SWIFT_EMIT_LOC_STRINGS = NO;
				SWIFT_VERSION = 5.0;
				TARGETED_DEVICE_FAMILY = "1,2";
				TEST_HOST = "$(BUILT_PRODUCTS_DIR)/InstaClone.app/InstaClone";
			};
			name = Debug;
		};
		B3BB19A82780AC62007F92C4 /* Release */ = {
			isa = XCBuildConfiguration;
			buildSettings = {
				ALWAYS_EMBED_SWIFT_STANDARD_LIBRARIES = YES;
				BUNDLE_LOADER = "$(TEST_HOST)";
				CODE_SIGN_STYLE = Automatic;
				CURRENT_PROJECT_VERSION = 1;
				DEVELOPMENT_TEAM = J95SAB5D3H;
				GENERATE_INFOPLIST_FILE = YES;
				IPHONEOS_DEPLOYMENT_TARGET = 15.2;
				MARKETING_VERSION = 1.0;
				PRODUCT_BUNDLE_IDENTIFIER = com.evantempleton.InstaCloneTests;
				PRODUCT_NAME = "$(TARGET_NAME)";
				SWIFT_EMIT_LOC_STRINGS = NO;
				SWIFT_VERSION = 5.0;
				TARGETED_DEVICE_FAMILY = "1,2";
				TEST_HOST = "$(BUILT_PRODUCTS_DIR)/InstaClone.app/InstaClone";
			};
			name = Release;
		};
		B3BB19AA2780AC62007F92C4 /* Debug */ = {
			isa = XCBuildConfiguration;
			buildSettings = {
				ALWAYS_EMBED_SWIFT_STANDARD_LIBRARIES = YES;
				CODE_SIGN_STYLE = Automatic;
				CURRENT_PROJECT_VERSION = 1;
				DEVELOPMENT_TEAM = J95SAB5D3H;
				GENERATE_INFOPLIST_FILE = YES;
				MARKETING_VERSION = 1.0;
				PRODUCT_BUNDLE_IDENTIFIER = com.evantempleton.InstaCloneUITests;
				PRODUCT_NAME = "$(TARGET_NAME)";
				SWIFT_EMIT_LOC_STRINGS = NO;
				SWIFT_VERSION = 5.0;
				TARGETED_DEVICE_FAMILY = "1,2";
				TEST_TARGET_NAME = InstaClone;
			};
			name = Debug;
		};
		B3BB19AB2780AC62007F92C4 /* Release */ = {
			isa = XCBuildConfiguration;
			buildSettings = {
				ALWAYS_EMBED_SWIFT_STANDARD_LIBRARIES = YES;
				CODE_SIGN_STYLE = Automatic;
				CURRENT_PROJECT_VERSION = 1;
				DEVELOPMENT_TEAM = J95SAB5D3H;
				GENERATE_INFOPLIST_FILE = YES;
				MARKETING_VERSION = 1.0;
				PRODUCT_BUNDLE_IDENTIFIER = com.evantempleton.InstaCloneUITests;
				PRODUCT_NAME = "$(TARGET_NAME)";
				SWIFT_EMIT_LOC_STRINGS = NO;
				SWIFT_VERSION = 5.0;
				TARGETED_DEVICE_FAMILY = "1,2";
				TEST_TARGET_NAME = InstaClone;
			};
			name = Release;
		};
/* End XCBuildConfiguration section */

/* Begin XCConfigurationList section */
		B3BB19742780AC61007F92C4 /* Build configuration list for PBXProject "InstaClone" */ = {
			isa = XCConfigurationList;
			buildConfigurations = (
				B3BB19A12780AC62007F92C4 /* Debug */,
				B3BB19A22780AC62007F92C4 /* Release */,
			);
			defaultConfigurationIsVisible = 0;
			defaultConfigurationName = Release;
		};
		B3BB19A32780AC62007F92C4 /* Build configuration list for PBXNativeTarget "InstaClone" */ = {
			isa = XCConfigurationList;
			buildConfigurations = (
				B3BB19A42780AC62007F92C4 /* Debug */,
				B3BB19A52780AC62007F92C4 /* Release */,
			);
			defaultConfigurationIsVisible = 0;
			defaultConfigurationName = Release;
		};
		B3BB19A62780AC62007F92C4 /* Build configuration list for PBXNativeTarget "InstaCloneTests" */ = {
			isa = XCConfigurationList;
			buildConfigurations = (
				B3BB19A72780AC62007F92C4 /* Debug */,
				B3BB19A82780AC62007F92C4 /* Release */,
			);
			defaultConfigurationIsVisible = 0;
			defaultConfigurationName = Release;
		};
		B3BB19A92780AC62007F92C4 /* Build configuration list for PBXNativeTarget "InstaCloneUITests" */ = {
			isa = XCConfigurationList;
			buildConfigurations = (
				B3BB19AA2780AC62007F92C4 /* Debug */,
				B3BB19AB2780AC62007F92C4 /* Release */,
			);
			defaultConfigurationIsVisible = 0;
			defaultConfigurationName = Release;
		};
/* End XCConfigurationList section */
	};
	rootObject = B3BB19712780AC61007F92C4 /* Project object */;
}
